<?xml version="1.0" encoding="utf-8"?>
<Project ToolsVersion="4.0" xmlns="http://schemas.microsoft.com/developer/msbuild/2003">
  <ItemGroup>
    <Filter Include="Source Files">
      <UniqueIdentifier>{4FC737F1-C7A5-4376-A066-2A32D752A2FF}</UniqueIdentifier>
      <Extensions>cpp;c;cc;cxx;def;odl;idl;hpj;bat;asm;asmx</Extensions>
    </Filter>
    <Filter Include="Header Files">
      <UniqueIdentifier>{93995380-89BD-4b04-88EB-625FBE52EBFB}</UniqueIdentifier>
      <Extensions>h;hh;hpp;hxx;hm;inl;inc;xsd</Extensions>
    </Filter>
    <Filter Include="Resource Files">
      <UniqueIdentifier>{67DA6AB6-F800-4c08-8B7A-83BB121AAD01}</UniqueIdentifier>
      <Extensions>rc;ico;cur;bmp;dlg;rc2;rct;bin;rgs;gif;jpg;jpeg;jpe;resx;tiff;tif;png;wav;mfcribbon-ms</Extensions>
    </Filter>
    <Filter Include="Header Files\vs">
      <UniqueIdentifier>{cd894038-caaa-419b-b8bc-e2c6155d36d2}</UniqueIdentifier>
    </Filter>
    <Filter Include="Header Files\utils">
      <UniqueIdentifier>{03106614-faf0-4aa1-9e00-aa4ced3210a6}</UniqueIdentifier>
    </Filter>
    <Filter Include="Header Files\engine">
      <UniqueIdentifier>{9bef8d0b-73ce-4ee1-9622-d59668781665}</UniqueIdentifier>
    </Filter>
    <Filter Include="Source Files\engine">
      <UniqueIdentifier>{6f9f6462-9bf9-461b-bf86-954d496208d1}</UniqueIdentifier>
    </Filter>
    <Filter Include="Source Files\utils">
      <UniqueIdentifier>{5c421838-ac8b-4088-b1b3-6291a47bfb3f}</UniqueIdentifier>
    </Filter>
    <Filter Include="Source Files\vs">
      <UniqueIdentifier>{20c366b8-5d46-4d75-9aea-d19fa9f2d007}</UniqueIdentifier>
    </Filter>
  </ItemGroup>
  <ItemGroup>
    <Text Include="ReadMe.txt" />
  </ItemGroup>
  <ItemGroup>
    <ClInclude Include="stdafx.h">
      <Filter>Header Files\vs</Filter>
    </ClInclude>
    <ClInclude Include="targetver.h">
      <Filter>Header Files\vs</Filter>
    </ClInclude>
    <ClInclude Include="src\dirent.h">
      <Filter>Header Files\utils</Filter>
    </ClInclude>
    <ClInclude Include="src\CUtil.h">
      <Filter>Header Files\utils</Filter>
    </ClInclude>
    <ClInclude Include="src\fmSequence.h">
      <Filter>Header Files\utils</Filter>
    </ClInclude>
    <ClInclude Include="src\Tracking.h">
      <Filter>Header Files\utils</Filter>
    </ClInclude>
    <ClInclude Include="src\RelationGraph.h">
      <Filter>Header Files\engine</Filter>
    </ClInclude>
    <ClInclude Include="src\AnomalieControl.h">
      <Filter>Header Files\engine</Filter>
    </ClInclude>
    <ClInclude Include="src\Tracklet.h">
      <Filter>Header Files\engine</Filter>
    </ClInclude>
  </ItemGroup>
  <ItemGroup>
    <ClCompile Include="Anomalies.cpp">
      <Filter>Source Files</Filter>
    </ClCompile>
    <ClCompile Include="src\AnomalieControl.cpp">
      <Filter>Source Files\engine</Filter>
    </ClCompile>
    <ClCompile Include="src\RelationGraph.cpp">
      <Filter>Source Files\engine</Filter>
    </ClCompile>
    <ClCompile Include="src\Tracking.cpp">
      <Filter>Source Files\utils</Filter>
    </ClCompile>
    <ClCompile Include="stdafx.cpp">
      <Filter>Source Files\vs</Filter>
    </ClCompile>
    <ClCompile Include="src\Tracklet.cpp">
      <Filter>Source Files\engine</Filter>
    </ClCompile>
  </ItemGroup>
</Project>